
Microsoft Visual Studio Solution File, Format Version 12.00
# Visual Studio Version 17
VisualStudioVersion = 17.8.34408.163
MinimumVisualStudioVersion = 10.0.40219.1
Project("{9A19103F-16F7-4668-BE54-9A1E7A4F7556}") = "learning", "Learning\learning.csproj", "{76CB65B2-DDC5-4AD7-A6E1-8340B5620092}"
EndProject
Global
	GlobalSection(SolutionConfigurationPlatforms) = preSolution
		Debug|Any CPU = Debug|Any CPU
		Release|Any CPU = Release|Any CPU
	EndGlobalSection
	GlobalSection(ProjectConfigurationPlatforms) = postSolution
		{76CB65B2-DDC5-4AD7-A6E1-8340B5620092}.Debug|Any CPU.ActiveCfg = Debug|Any CPU
		{76CB65B2-DDC5-4AD7-A6E1-8340B5620092}.Debug|Any CPU.Build.0 = Debug|Any CPU
		{76CB65B2-DDC5-4AD7-A6E1-8340B5620092}.Release|Any CPU.ActiveCfg = Release|Any CPU
		{76CB65B2-DDC5-4AD7-A6E1-8340B5620092}.Release|Any CPU.Build.0 = Release|Any CPU
	EndGlobalSection
	GlobalSection(SolutionProperties) = preSolution
		HideSolutionNode = FALSE
	EndGlobalSection
	GlobalSection(ExtensibilityGlobals) = postSolution
		SolutionGuid = {62B732B7-925B-4CC4-8EB1-C59056D5A8F8}
	EndGlobalSection
EndGlobal
